<?xml version="1.0" encoding="utf-8"?>
<Project ToolsVersion="4.0" xmlns="http://schemas.microsoft.com/developer/msbuild/2003">
  <ItemGroup>
    <Filter Include="Source Files">
      <UniqueIdentifier>{4FC737F1-C7A5-4376-A066-2A32D752A2FF}</UniqueIdentifier>
      <Extensions>cpp;c;cc;cxx;def;odl;idl;hpj;bat;asm;asmx</Extensions>
    </Filter>
    <Filter Include="Header Files">
      <UniqueIdentifier>{93995380-89BD-4b04-88EB-625FBE52EBFB}</UniqueIdentifier>
      <Extensions>h;hpp;hxx;hm;inl;inc;xsd</Extensions>
    </Filter>
    <Filter Include="Resource Files">
      <UniqueIdentifier>{67DA6AB6-F800-4c08-8B7A-83BB121AAD01}</UniqueIdentifier>
      <Extensions>rc;ico;cur;bmp;dlg;rc2;rct;bin;rgs;gif;jpg;jpeg;jpe;resx;tiff;tif;png;wav;mfcribbon-ms</Extensions>
    </Filter>
    <Filter Include="Header Files\area_coverage_module">
      <UniqueIdentifier>{eccded00-6e27-48e7-94c8-d9349c12350e}</UniqueIdentifier>
    </Filter>
    <Filter Include="Header Files\bridge_module">
      <UniqueIdentifier>{bf0d2f5d-08ba-4e71-8e1d-f73d74c82c32}</UniqueIdentifier>
    </Filter>
    <Filter Include="Header Files\utilities_module">
      <UniqueIdentifier>{99e88af5-60e3-41cb-8daa-c3c5ce8d1eb2}</UniqueIdentifier>
    </Filter>
    <Filter Include="Source Files\bridge_module">
      <UniqueIdentifier>{55970faa-40c5-42e5-84b2-003c0b479c4c}</UniqueIdentifier>
    </Filter>
    <Filter Include="Source Files\area_coverage_module">
      <UniqueIdentifier>{f5d3e9a9-52c9-497d-a5a4-a67a14fcec2d}</UniqueIdentifier>
    </Filter>
    <Filter Include="Source Files\utilities_modules">
      <UniqueIdentifier>{a3c5782d-314d-473d-9ffc-802bf787d870}</UniqueIdentifier>
    </Filter>
    <Filter Include="Header Files\sensors_module">
      <UniqueIdentifier>{c52adb2d-8649-4e77-8de2-a8504919ee5f}</UniqueIdentifier>
    </Filter>
    <Filter Include="Header Files\movement_module">
      <UniqueIdentifier>{08061cda-abf7-4709-bd2d-c0de3ae21da1}</UniqueIdentifier>
    </Filter>
    <Filter Include="Source Files\sensors_module">
      <UniqueIdentifier>{787e8b92-bf16-4e13-9527-06c25694de68}</UniqueIdentifier>
    </Filter>
    <Filter Include="Source Files\movement_module">
      <UniqueIdentifier>{21cf02a2-bcd5-4487-a159-a4a4e7e2ddf2}</UniqueIdentifier>
    </Filter>
    <Filter Include="Source Files\platform">
      <UniqueIdentifier>{2753fab8-3b4a-49d3-9c53-0d81ced1b770}</UniqueIdentifier>
    </Filter>
    <Filter Include="Source Files\main_module">
      <UniqueIdentifier>{5fc789f8-13c9-4a96-a41c-e3883aae1e47}</UniqueIdentifier>
    </Filter>
    <Filter Include="Header Files\main_module">
      <UniqueIdentifier>{b72ee46d-2769-453b-adf7-9d6c81e6eeef}</UniqueIdentifier>
    </Filter>
    <Filter Include="Header Files\platform">
      <UniqueIdentifier>{b3f80664-4c7d-4e6a-8613-698b57742260}</UniqueIdentifier>
    </Filter>
  </ItemGroup>
  <ItemGroup>
    <ClCompile Include="Main.cpp">
      <Filter>Source Files</Filter>
    </ClCompile>
    <ClCompile Include="..\..\..\DroneController\packages\madara_client\area_coverage\area_coverage_module.cpp">
      <Filter>Source Files\area_coverage_module</Filter>
    </ClCompile>
    <ClCompile Include="..\..\..\DroneController\packages\madara_client\bridge\bridge_module.cpp">
      <Filter>Source Files\bridge_module</Filter>
    </ClCompile>
    <ClCompile Include="..\..\..\DroneController\packages\madara_client\bridge\BridgeAlgorithm.cpp">
      <Filter>Source Files\bridge_module</Filter>
    </ClCompile>
    <ClCompile Include="..\..\..\DroneController\packages\madara_client\platforms\v_rep\v-rep_control_functions.cpp">
      <Filter>Source Files\platform</Filter>
    </ClCompile>
    <ClCompile Include="..\..\..\DroneController\packages\madara_client\utilities\utilities_module.cpp">
      <Filter>Source Files\utilities_modules</Filter>
    </ClCompile>
    <ClCompile Include="..\..\..\DroneController\packages\madara_client\movement\movement_module.cpp">
      <Filter>Source Files\movement_module</Filter>
    </ClCompile>
    <ClCompile Include="..\..\..\DroneController\packages\madara_client\sensors\sensors_module.cpp">
      <Filter>Source Files\sensors_module</Filter>
    </ClCompile>
    <ClCompile Include="..\..\..\DroneController\packages\madara_client\area_coverage\RandomAreaCoverage.cpp">
      <Filter>Source Files\area_coverage_module</Filter>
    </ClCompile>
    <ClCompile Include="..\..\..\DroneController\packages\madara_client\area_coverage\SnakeAreaCoverage.cpp">
      <Filter>Source Files\area_coverage_module</Filter>
    </ClCompile>
    <ClCompile Include="..\..\..\DroneController\packages\madara_client\area_coverage\AreaCoverage.cpp">
      <Filter>Source Files\area_coverage_module</Filter>
    </ClCompile>
    <ClCompile Include="..\..\..\DroneController\packages\madara_client\area_coverage\InsideOutAreaCoverage.cpp">
      <Filter>Source Files\area_coverage_module</Filter>
    </ClCompile>
    <ClCompile Include="..\..\..\DroneController\packages\madara_client\main_functions.cpp">
      <Filter>Source Files\main_module</Filter>
    </ClCompile>
  </ItemGroup>
  <ItemGroup>
    <ClInclude Include="..\..\..\DroneController\packages\madara_client\bridge\BridgeAlgorithm.h">
      <Filter>Header Files\bridge_module</Filter>
    </ClInclude>
    <ClInclude Include="..\..\..\DroneController\packages\madara_client\utilities\Position.h">
      <Filter>Header Files\utilities_module</Filter>
    </ClInclude>
    <ClInclude Include="..\..\..\DroneController\packages\madara_client\utilities\CommonMadaraVariables.h">
      <Filter>Header Files\utilities_module</Filter>
    </ClInclude>
    <ClInclude Include="..\..\..\DroneController\packages\madara_client\sensors\platform_sensors.h">
      <Filter>Header Files\sensors_module</Filter>
    </ClInclude>
    <ClInclude Include="..\..\..\DroneController\packages\madara_client\movement\platform_movement.h">
      <Filter>Header Files\movement_module</Filter>
    </ClInclude>
    <ClInclude Include="..\..\..\DroneController\packages\madara_client\area_coverage\AreaCoverage.h">
      <Filter>Header Files\area_coverage_module</Filter>
    </ClInclude>
    <ClInclude Include="..\..\..\DroneController\packages\madara_client\area_coverage\RandomAreaCoverage.h">
      <Filter>Header Files\area_coverage_module</Filter>
    </ClInclude>
    <ClInclude Include="..\..\..\DroneController\packages\madara_client\area_coverage\SnakeAreaCoverage.h">
      <Filter>Header Files\area_coverage_module</Filter>
    </ClInclude>
    <ClInclude Include="..\..\..\DroneController\packages\madara_client\area_coverage\InsideOutAreaCoverage.h">
      <Filter>Header Files\area_coverage_module</Filter>
    </ClInclude>
    <ClInclude Include="..\..\..\DroneController\packages\madara_client\main_functions.h">
      <Filter>Header Files\main_module</Filter>
    </ClInclude>
    <ClInclude Include="..\..\..\DroneController\packages\madara_client\module.h">
      <Filter>Header Files</Filter>
    </ClInclude>
    <ClInclude Include="..\..\..\DroneController\packages\madara_client\area_coverage\area_coverage_module.h">
      <Filter>Header Files\area_coverage_module</Filter>
    </ClInclude>
    <ClInclude Include="..\..\..\DroneController\packages\madara_client\bridge\bridge_module.h">
      <Filter>Header Files\bridge_module</Filter>
    </ClInclude>
    <ClInclude Include="..\..\..\DroneController\packages\madara_client\movement\movement_module.h">
      <Filter>Header Files\movement_module</Filter>
    </ClInclude>
    <ClInclude Include="..\..\..\DroneController\packages\madara_client\sensors\sensors_module.h">
      <Filter>Header Files\sensors_module</Filter>
    </ClInclude>
    <ClInclude Include="..\..\..\DroneController\packages\madara_client\utilities\utilities_module.h">
      <Filter>Header Files\utilities_module</Filter>
    </ClInclude>
    <ClInclude Include="..\..\..\DroneController\packages\madara_client\platforms\v_rep\v-rep_madara_variables.h">
      <Filter>Header Files\platform</Filter>
    </ClInclude>
  </ItemGroup>
</Project>