<?xml version="1.0" encoding="utf-8"?>
<Project ToolsVersion="4.0" xmlns="http://schemas.microsoft.com/developer/msbuild/2003">
  <ItemGroup>
    <Filter Include="Source Files">
      <UniqueIdentifier>{4FC737F1-C7A5-4376-A066-2A32D752A2FF}</UniqueIdentifier>
      <Extensions>cpp;c;cc;cxx;def;odl;idl;hpj;bat;asm;asmx</Extensions>
    </Filter>
    <Filter Include="Header Files">
      <UniqueIdentifier>{93995380-89BD-4b04-88EB-625FBE52EBFB}</UniqueIdentifier>
      <Extensions>h;hpp;hxx;hm;inl;inc;xsd</Extensions>
    </Filter>
    <Filter Include="Resource Files">
      <UniqueIdentifier>{67DA6AB6-F800-4c08-8B7A-83BB121AAD01}</UniqueIdentifier>
      <Extensions>rc;ico;cur;bmp;dlg;rc2;rct;bin;rgs;gif;jpg;jpeg;jpe;resx;tiff;tif;png;wav;mfcribbon-ms</Extensions>
    </Filter>
    <Filter Include="Header Files\utilities_module">
      <UniqueIdentifier>{d2d20312-574c-4ba2-97d1-01f72c27b745}</UniqueIdentifier>
    </Filter>
    <Filter Include="Header Files\vrep_headers">
      <UniqueIdentifier>{5aca0f45-103b-452a-8cec-697bb9def99a}</UniqueIdentifier>
    </Filter>
    <Filter Include="Source Files\vrep">
      <UniqueIdentifier>{8de35c75-279a-4be7-be10-2f1b85e97387}</UniqueIdentifier>
    </Filter>
    <Filter Include="Header Files\win_multicast_transport">
      <UniqueIdentifier>{9aaab8b6-802b-4f74-84f3-d41d8089ae0e}</UniqueIdentifier>
    </Filter>
    <Filter Include="Source Files\win_multicast_transport">
      <UniqueIdentifier>{6f9056b9-10dc-481c-9867-d15a60a932dc}</UniqueIdentifier>
    </Filter>
    <Filter Include="Header Files\vrep_plugin_headers">
      <UniqueIdentifier>{0dc5f43e-5f3b-48d0-8775-89f65a609374}</UniqueIdentifier>
    </Filter>
    <Filter Include="Source Files\vrep_plugin">
      <UniqueIdentifier>{15d0b50e-8fe8-4740-b472-fc154606fe31}</UniqueIdentifier>
    </Filter>
  </ItemGroup>
  <ItemGroup>
    <ClCompile Include="LuaCustomFunctions.cpp">
      <Filter>Source Files</Filter>
    </ClCompile>
    <ClCompile Include="..\V-RepImports\v_repLib.cpp">
      <Filter>Source Files\vrep</Filter>
    </ClCompile>
    <ClCompile Include="..\WindowsMulticastTransport\Windows_Multicast_Transport_Read_Thread.cpp">
      <Filter>Source Files\win_multicast_transport</Filter>
    </ClCompile>
    <ClCompile Include="..\WindowsMulticastTransport\Windows_Multicast_Transport.cpp">
      <Filter>Source Files\win_multicast_transport</Filter>
    </ClCompile>
    <ClCompile Include="MadaraSystemController.cpp">
      <Filter>Source Files</Filter>
    </ClCompile>
    <ClCompile Include="..\V-RepCommonPluginUtils\v_repExtLuaExtenderPlugin.cpp">
      <Filter>Source Files\vrep_plugin</Filter>
    </ClCompile>
  </ItemGroup>
  <ItemGroup>
    <ClInclude Include="..\..\..\DroneController\packages\madara_client\utilities\Position.h">
      <Filter>Header Files\utilities_module</Filter>
    </ClInclude>
    <ClInclude Include="..\..\..\DroneController\packages\madara_client\utilities\CommonMadaraVariables.h">
      <Filter>Header Files\utilities_module</Filter>
    </ClInclude>
    <ClInclude Include="..\V-RepImports\v_repConst.h">
      <Filter>Header Files\vrep_headers</Filter>
    </ClInclude>
    <ClInclude Include="..\V-RepImports\v_repLib.h">
      <Filter>Header Files\vrep_headers</Filter>
    </ClInclude>
    <ClInclude Include="..\V-RepImports\extApiCustomConst.h">
      <Filter>Header Files\vrep_headers</Filter>
    </ClInclude>
    <ClInclude Include="..\WindowsMulticastTransport\Windows_Multicast_Transport.h">
      <Filter>Header Files\win_multicast_transport</Filter>
    </ClInclude>
    <ClInclude Include="..\WindowsMulticastTransport\Windows_Multicast_Transport_Read_Thread.h">
      <Filter>Header Files\win_multicast_transport</Filter>
    </ClInclude>
    <ClInclude Include="MadaraSystemController.h">
      <Filter>Header Files</Filter>
    </ClInclude>
    <ClInclude Include="..\V-RepCommonPluginUtils\LuaFunctionRegistration.h">
      <Filter>Header Files\vrep_plugin_headers</Filter>
    </ClInclude>
    <ClInclude Include="..\V-RepCommonPluginUtils\v_repExtPluginInterface.h">
      <Filter>Header Files\vrep_plugin_headers</Filter>
    </ClInclude>
  </ItemGroup>
</Project>