
Microsoft Visual Studio Solution File, Format Version 11.00
# Visual Studio 2010
Project("{8BC9CEB8-8B4A-11D0-8D11-00A0C91BC942}") = "DroneControllerSimulator", "DroneControllerSimulator\DroneControllerSimulator.vcxproj", "{536297B3-7E10-4E87-B57F-D1F2956ED836}"
EndProject
Project("{8BC9CEB8-8B4A-11D0-8D11-00A0C91BC942}") = "V-RepMadaraSystemControllerPlugin", "V-RepMadaraSystemControllerPlugin\V-RepMadaraSystemControllerPlugin.vcxproj", "{8B324244-E0D8-45A7-A5AC-047385A4DE07}"
EndProject
Project("{8BC9CEB8-8B4A-11D0-8D11-00A0C91BC942}") = "V-RepBridgeAlgorithmPlugin", "V-RepBridgeAlgorithmPlugin\V-RepBridgeAlgorithmPlugin.vcxproj", "{4EA7BB85-62DF-432B-88EE-F64EF341107C}"
EndProject
Project("{8BC9CEB8-8B4A-11D0-8D11-00A0C91BC942}") = "V-RepMadaraQuadrotorControlPlugin", "V-RepMadaraQuadrotorControlPlugin\V-RepMadaraQuadrotorControlPlugin.vcxproj", "{C11281E3-CCC2-4430-8F94-0B50D59CFFE0}"
EndProject
Project("{8BC9CEB8-8B4A-11D0-8D11-00A0C91BC942}") = "SimpleSystemController", "SimpleSystemController\SimpleSystemController.vcxproj", "{CB7881FA-69E3-4502-8D5E-6F2653089571}"
EndProject
Global
	GlobalSection(SolutionConfigurationPlatforms) = preSolution
		Debug|Win32 = Debug|Win32
		Release|Win32 = Release|Win32
	EndGlobalSection
	GlobalSection(ProjectConfigurationPlatforms) = postSolution
		{536297B3-7E10-4E87-B57F-D1F2956ED836}.Debug|Win32.ActiveCfg = Debug|Win32
		{536297B3-7E10-4E87-B57F-D1F2956ED836}.Debug|Win32.Build.0 = Debug|Win32
		{536297B3-7E10-4E87-B57F-D1F2956ED836}.Release|Win32.ActiveCfg = Release|Win32
		{536297B3-7E10-4E87-B57F-D1F2956ED836}.Release|Win32.Build.0 = Release|Win32
		{8B324244-E0D8-45A7-A5AC-047385A4DE07}.Debug|Win32.ActiveCfg = Debug|Win32
		{8B324244-E0D8-45A7-A5AC-047385A4DE07}.Debug|Win32.Build.0 = Debug|Win32
		{8B324244-E0D8-45A7-A5AC-047385A4DE07}.Release|Win32.ActiveCfg = Release|Win32
		{8B324244-E0D8-45A7-A5AC-047385A4DE07}.Release|Win32.Build.0 = Release|Win32
		{4EA7BB85-62DF-432B-88EE-F64EF341107C}.Debug|Win32.ActiveCfg = Debug|Win32
		{4EA7BB85-62DF-432B-88EE-F64EF341107C}.Debug|Win32.Build.0 = Debug|Win32
		{4EA7BB85-62DF-432B-88EE-F64EF341107C}.Release|Win32.ActiveCfg = Release|Win32
		{4EA7BB85-62DF-432B-88EE-F64EF341107C}.Release|Win32.Build.0 = Release|Win32
		{C11281E3-CCC2-4430-8F94-0B50D59CFFE0}.Debug|Win32.ActiveCfg = Debug|Win32
		{C11281E3-CCC2-4430-8F94-0B50D59CFFE0}.Debug|Win32.Build.0 = Debug|Win32
		{C11281E3-CCC2-4430-8F94-0B50D59CFFE0}.Release|Win32.ActiveCfg = Release|Win32
		{C11281E3-CCC2-4430-8F94-0B50D59CFFE0}.Release|Win32.Build.0 = Release|Win32
		{CB7881FA-69E3-4502-8D5E-6F2653089571}.Debug|Win32.ActiveCfg = Debug|Win32
		{CB7881FA-69E3-4502-8D5E-6F2653089571}.Debug|Win32.Build.0 = Debug|Win32
		{CB7881FA-69E3-4502-8D5E-6F2653089571}.Release|Win32.ActiveCfg = Release|Win32
		{CB7881FA-69E3-4502-8D5E-6F2653089571}.Release|Win32.Build.0 = Release|Win32
	EndGlobalSection
	GlobalSection(SolutionProperties) = preSolution
		HideSolutionNode = FALSE
	EndGlobalSection
EndGlobal
