<?xml version="1.0" encoding="utf-8"?>
<Project ToolsVersion="4.0" xmlns="http://schemas.microsoft.com/developer/msbuild/2003">
  <ItemGroup>
    <Filter Include="Source Files">
      <UniqueIdentifier>{4FC737F1-C7A5-4376-A066-2A32D752A2FF}</UniqueIdentifier>
      <Extensions>cpp;c;cc;cxx;def;odl;idl;hpj;bat;asm;asmx</Extensions>
    </Filter>
    <Filter Include="Header Files">
      <UniqueIdentifier>{93995380-89BD-4b04-88EB-625FBE52EBFB}</UniqueIdentifier>
      <Extensions>h;hpp;hxx;hm;inl;inc;xsd</Extensions>
    </Filter>
    <Filter Include="Resource Files">
      <UniqueIdentifier>{67DA6AB6-F800-4c08-8B7A-83BB121AAD01}</UniqueIdentifier>
      <Extensions>rc;ico;cur;bmp;dlg;rc2;rct;bin;rgs;gif;jpg;jpeg;jpe;resx;tiff;tif;png;wav;mfcribbon-ms</Extensions>
    </Filter>
    <Filter Include="Header Files\utilities_module">
      <UniqueIdentifier>{f87d85cb-342f-49e5-ac87-58be96d30e7c}</UniqueIdentifier>
    </Filter>
    <Filter Include="Header Files\vrep_headers">
      <UniqueIdentifier>{4048cbad-a57c-4e04-abde-955565c8f882}</UniqueIdentifier>
    </Filter>
    <Filter Include="Source Files\vrep">
      <UniqueIdentifier>{07c0f5a8-1087-4298-937b-c0740d0deed9}</UniqueIdentifier>
    </Filter>
    <Filter Include="Header Files\win_multicast_transport">
      <UniqueIdentifier>{483f9769-c5d4-4d6d-bed0-205429a18971}</UniqueIdentifier>
    </Filter>
    <Filter Include="Source Files\win_multicast_transport">
      <UniqueIdentifier>{50fe5c4e-7ac8-49ef-aaf0-7a19dd602ed7}</UniqueIdentifier>
    </Filter>
  </ItemGroup>
  <ItemGroup>
    <ClInclude Include="..\V-RepImports\extApiCustomConst.h">
      <Filter>Header Files\vrep_headers</Filter>
    </ClInclude>
    <ClInclude Include="..\V-RepImports\v_repConst.h">
      <Filter>Header Files\vrep_headers</Filter>
    </ClInclude>
    <ClInclude Include="..\V-RepImports\v_repLib.h">
      <Filter>Header Files\vrep_headers</Filter>
    </ClInclude>
    <ClInclude Include="..\WindowsMulticastTransport\Windows_Multicast_Transport.h">
      <Filter>Header Files\win_multicast_transport</Filter>
    </ClInclude>
    <ClInclude Include="..\WindowsMulticastTransport\Windows_Multicast_Transport_Read_Thread.h">
      <Filter>Header Files\win_multicast_transport</Filter>
    </ClInclude>
    <ClInclude Include="v_repExtMadaraQuadrotorControlPlugin.h">
      <Filter>Header Files</Filter>
    </ClInclude>
    <ClInclude Include="Location.h">
      <Filter>Header Files</Filter>
    </ClInclude>
    <ClInclude Include="LuaCustomFunctions.h">
      <Filter>Header Files</Filter>
    </ClInclude>
    <ClInclude Include="MadaraQuadrotorControl.h">
      <Filter>Header Files</Filter>
    </ClInclude>
  </ItemGroup>
  <ItemGroup>
    <ClCompile Include="..\V-RepImports\v_repLib.cpp">
      <Filter>Source Files\vrep</Filter>
    </ClCompile>
    <ClCompile Include="..\WindowsMulticastTransport\Windows_Multicast_Transport.cpp">
      <Filter>Source Files\win_multicast_transport</Filter>
    </ClCompile>
    <ClCompile Include="..\WindowsMulticastTransport\Windows_Multicast_Transport_Read_Thread.cpp">
      <Filter>Source Files\win_multicast_transport</Filter>
    </ClCompile>
    <ClCompile Include="v_repExtMadaraQuadrotorControlPlugin.cpp">
      <Filter>Source Files</Filter>
    </ClCompile>
    <ClCompile Include="LuaCustomFunctions.cpp">
      <Filter>Source Files</Filter>
    </ClCompile>
    <ClCompile Include="MadaraQuadrotorControl.cpp">
      <Filter>Source Files</Filter>
    </ClCompile>
  </ItemGroup>
</Project>